
Microsoft Visual Studio Solution File, Format Version 12.00
# Visual Studio Version 17
VisualStudioVersion = 17.7.34018.315
MinimumVisualStudioVersion = 10.0.40219.1
Project("{FAE04EC0-301F-11D3-BF4B-00C04F79EFBC}") = "HomeApp.UWP", "HomeApp\HomeApp.UWP\HomeApp.UWP.csproj", "{C9FE1BD7-9F34-4220-B7D4-F23927713F63}"
EndProject
Project("{FAE04EC0-301F-11D3-BF4B-00C04F79EFBC}") = "HomeApp.Android", "HomeApp\HomeApp.Android\HomeApp.Android.csproj", "{399B883B-44D2-43F3-A614-A3EA4A8EA454}"
EndProject
Project("{FAE04EC0-301F-11D3-BF4B-00C04F79EFBC}") = "HomeApp.iOS", "HomeApp\HomeApp.iOS\HomeApp.iOS.csproj", "{62D647EF-186A-4957-BFA6-10904BF49E49}"
EndProject
Project("{9A19103F-16F7-4668-BE54-9A1E7A4F7556}") = "HomeApp", "HomeApp\HomeApp\HomeApp.csproj", "{C7E04D90-67FC-449C-810C-0CD67EDDAC31}"
EndProject
Global
	GlobalSection(SolutionConfigurationPlatforms) = preSolution
		Debug|Any CPU = Debug|Any CPU
		Debug|ARM = Debug|ARM
		Debug|iPhone = Debug|iPhone
		Debug|iPhoneSimulator = Debug|iPhoneSimulator
		Debug|x64 = Debug|x64
		Debug|x86 = Debug|x86
		Release|Any CPU = Release|Any CPU
		Release|ARM = Release|ARM
		Release|iPhone = Release|iPhone
		Release|iPhoneSimulator = Release|iPhoneSimulator
		Release|x64 = Release|x64
		Release|x86 = Release|x86
	EndGlobalSection
	GlobalSection(ProjectConfigurationPlatforms) = postSolution
		{C9FE1BD7-9F34-4220-B7D4-F23927713F63}.Debug|Any CPU.ActiveCfg = Debug|x64
		{C9FE1BD7-9F34-4220-B7D4-F23927713F63}.Debug|Any CPU.Build.0 = Debug|x64
		{C9FE1BD7-9F34-4220-B7D4-F23927713F63}.Debug|Any CPU.Deploy.0 = Debug|x64
		{C9FE1BD7-9F34-4220-B7D4-F23927713F63}.Debug|ARM.ActiveCfg = Debug|ARM
		{C9FE1BD7-9F34-4220-B7D4-F23927713F63}.Debug|ARM.Build.0 = Debug|ARM
		{C9FE1BD7-9F34-4220-B7D4-F23927713F63}.Debug|ARM.Deploy.0 = Debug|ARM
		{C9FE1BD7-9F34-4220-B7D4-F23927713F63}.Debug|iPhone.ActiveCfg = Debug|x64
		{C9FE1BD7-9F34-4220-B7D4-F23927713F63}.Debug|iPhoneSimulator.ActiveCfg = Debug|x64
		{C9FE1BD7-9F34-4220-B7D4-F23927713F63}.Debug|x64.ActiveCfg = Debug|x64
		{C9FE1BD7-9F34-4220-B7D4-F23927713F63}.Debug|x64.Build.0 = Debug|x64
		{C9FE1BD7-9F34-4220-B7D4-F23927713F63}.Debug|x64.Deploy.0 = Debug|x64
		{C9FE1BD7-9F34-4220-B7D4-F23927713F63}.Debug|x86.ActiveCfg = Debug|x86
		{C9FE1BD7-9F34-4220-B7D4-F23927713F63}.Debug|x86.Build.0 = Debug|x86
		{C9FE1BD7-9F34-4220-B7D4-F23927713F63}.Debug|x86.Deploy.0 = Debug|x86
		{C9FE1BD7-9F34-4220-B7D4-F23927713F63}.Release|Any CPU.ActiveCfg = Release|x64
		{C9FE1BD7-9F34-4220-B7D4-F23927713F63}.Release|ARM.ActiveCfg = Release|ARM
		{C9FE1BD7-9F34-4220-B7D4-F23927713F63}.Release|ARM.Build.0 = Release|ARM
		{C9FE1BD7-9F34-4220-B7D4-F23927713F63}.Release|ARM.Deploy.0 = Release|ARM
		{C9FE1BD7-9F34-4220-B7D4-F23927713F63}.Release|iPhone.ActiveCfg = Release|x64
		{C9FE1BD7-9F34-4220-B7D4-F23927713F63}.Release|iPhoneSimulator.ActiveCfg = Release|x64
		{C9FE1BD7-9F34-4220-B7D4-F23927713F63}.Release|x64.ActiveCfg = Release|x64
		{C9FE1BD7-9F34-4220-B7D4-F23927713F63}.Release|x64.Build.0 = Release|x64
		{C9FE1BD7-9F34-4220-B7D4-F23927713F63}.Release|x64.Deploy.0 = Release|x64
		{C9FE1BD7-9F34-4220-B7D4-F23927713F63}.Release|x86.ActiveCfg = Release|x86
		{C9FE1BD7-9F34-4220-B7D4-F23927713F63}.Release|x86.Build.0 = Release|x86
		{C9FE1BD7-9F34-4220-B7D4-F23927713F63}.Release|x86.Deploy.0 = Release|x86
		{399B883B-44D2-43F3-A614-A3EA4A8EA454}.Debug|Any CPU.ActiveCfg = Debug|Any CPU
		{399B883B-44D2-43F3-A614-A3EA4A8EA454}.Debug|Any CPU.Build.0 = Debug|Any CPU
		{399B883B-44D2-43F3-A614-A3EA4A8EA454}.Debug|Any CPU.Deploy.0 = Debug|Any CPU
		{399B883B-44D2-43F3-A614-A3EA4A8EA454}.Debug|ARM.ActiveCfg = Debug|Any CPU
		{399B883B-44D2-43F3-A614-A3EA4A8EA454}.Debug|ARM.Build.0 = Debug|Any CPU
		{399B883B-44D2-43F3-A614-A3EA4A8EA454}.Debug|ARM.Deploy.0 = Debug|Any CPU
		{399B883B-44D2-43F3-A614-A3EA4A8EA454}.Debug|iPhone.ActiveCfg = Debug|Any CPU
		{399B883B-44D2-43F3-A614-A3EA4A8EA454}.Debug|iPhone.Build.0 = Debug|Any CPU
		{399B883B-44D2-43F3-A614-A3EA4A8EA454}.Debug|iPhone.Deploy.0 = Debug|Any CPU
		{399B883B-44D2-43F3-A614-A3EA4A8EA454}.Debug|iPhoneSimulator.ActiveCfg = Debug|Any CPU
		{399B883B-44D2-43F3-A614-A3EA4A8EA454}.Debug|iPhoneSimulator.Build.0 = Debug|Any CPU
		{399B883B-44D2-43F3-A614-A3EA4A8EA454}.Debug|iPhoneSimulator.Deploy.0 = Debug|Any CPU
		{399B883B-44D2-43F3-A614-A3EA4A8EA454}.Debug|x64.ActiveCfg = Debug|Any CPU
		{399B883B-44D2-43F3-A614-A3EA4A8EA454}.Debug|x64.Build.0 = Debug|Any CPU
		{399B883B-44D2-43F3-A614-A3EA4A8EA454}.Debug|x64.Deploy.0 = Debug|Any CPU
		{399B883B-44D2-43F3-A614-A3EA4A8EA454}.Debug|x86.ActiveCfg = Debug|Any CPU
		{399B883B-44D2-43F3-A614-A3EA4A8EA454}.Debug|x86.Build.0 = Debug|Any CPU
		{399B883B-44D2-43F3-A614-A3EA4A8EA454}.Debug|x86.Deploy.0 = Debug|Any CPU
		{399B883B-44D2-43F3-A614-A3EA4A8EA454}.Release|Any CPU.ActiveCfg = Release|Any CPU
		{399B883B-44D2-43F3-A614-A3EA4A8EA454}.Release|Any CPU.Build.0 = Release|Any CPU
		{399B883B-44D2-43F3-A614-A3EA4A8EA454}.Release|Any CPU.Deploy.0 = Release|Any CPU
		{399B883B-44D2-43F3-A614-A3EA4A8EA454}.Release|ARM.ActiveCfg = Release|Any CPU
		{399B883B-44D2-43F3-A614-A3EA4A8EA454}.Release|ARM.Build.0 = Release|Any CPU
		{399B883B-44D2-43F3-A614-A3EA4A8EA454}.Release|ARM.Deploy.0 = Release|Any CPU
		{399B883B-44D2-43F3-A614-A3EA4A8EA454}.Release|iPhone.ActiveCfg = Release|Any CPU
		{399B883B-44D2-43F3-A614-A3EA4A8EA454}.Release|iPhone.Build.0 = Release|Any CPU
		{399B883B-44D2-43F3-A614-A3EA4A8EA454}.Release|iPhone.Deploy.0 = Release|Any CPU
		{399B883B-44D2-43F3-A614-A3EA4A8EA454}.Release|iPhoneSimulator.ActiveCfg = Release|Any CPU
		{399B883B-44D2-43F3-A614-A3EA4A8EA454}.Release|iPhoneSimulator.Build.0 = Release|Any CPU
		{399B883B-44D2-43F3-A614-A3EA4A8EA454}.Release|iPhoneSimulator.Deploy.0 = Release|Any CPU
		{399B883B-44D2-43F3-A614-A3EA4A8EA454}.Release|x64.ActiveCfg = Release|Any CPU
		{399B883B-44D2-43F3-A614-A3EA4A8EA454}.Release|x64.Build.0 = Release|Any CPU
		{399B883B-44D2-43F3-A614-A3EA4A8EA454}.Release|x64.Deploy.0 = Release|Any CPU
		{399B883B-44D2-43F3-A614-A3EA4A8EA454}.Release|x86.ActiveCfg = Release|Any CPU
		{399B883B-44D2-43F3-A614-A3EA4A8EA454}.Release|x86.Build.0 = Release|Any CPU
		{399B883B-44D2-43F3-A614-A3EA4A8EA454}.Release|x86.Deploy.0 = Release|Any CPU
		{62D647EF-186A-4957-BFA6-10904BF49E49}.Debug|Any CPU.ActiveCfg = Debug|iPhoneSimulator
		{62D647EF-186A-4957-BFA6-10904BF49E49}.Debug|Any CPU.Deploy.0 = Debug|iPhoneSimulator
		{62D647EF-186A-4957-BFA6-10904BF49E49}.Debug|ARM.ActiveCfg = Debug|iPhoneSimulator
		{62D647EF-186A-4957-BFA6-10904BF49E49}.Debug|ARM.Build.0 = Debug|iPhoneSimulator
		{62D647EF-186A-4957-BFA6-10904BF49E49}.Debug|ARM.Deploy.0 = Debug|iPhoneSimulator
		{62D647EF-186A-4957-BFA6-10904BF49E49}.Debug|iPhone.ActiveCfg = Debug|iPhone
		{62D647EF-186A-4957-BFA6-10904BF49E49}.Debug|iPhone.Build.0 = Debug|iPhone
		{62D647EF-186A-4957-BFA6-10904BF49E49}.Debug|iPhone.Deploy.0 = Debug|iPhone
		{62D647EF-186A-4957-BFA6-10904BF49E49}.Debug|iPhoneSimulator.ActiveCfg = Debug|iPhoneSimulator
		{62D647EF-186A-4957-BFA6-10904BF49E49}.Debug|iPhoneSimulator.Build.0 = Debug|iPhoneSimulator
		{62D647EF-186A-4957-BFA6-10904BF49E49}.Debug|iPhoneSimulator.Deploy.0 = Debug|iPhoneSimulator
		{62D647EF-186A-4957-BFA6-10904BF49E49}.Debug|x64.ActiveCfg = Debug|iPhone
		{62D647EF-186A-4957-BFA6-10904BF49E49}.Debug|x64.Build.0 = Debug|iPhone
		{62D647EF-186A-4957-BFA6-10904BF49E49}.Debug|x64.Deploy.0 = Debug|iPhone
		{62D647EF-186A-4957-BFA6-10904BF49E49}.Debug|x86.ActiveCfg = Debug|iPhoneSimulator
		{62D647EF-186A-4957-BFA6-10904BF49E49}.Debug|x86.Build.0 = Debug|iPhoneSimulator
		{62D647EF-186A-4957-BFA6-10904BF49E49}.Debug|x86.Deploy.0 = Debug|iPhoneSimulator
		{62D647EF-186A-4957-BFA6-10904BF49E49}.Release|Any CPU.ActiveCfg = Release|iPhoneSimulator
		{62D647EF-186A-4957-BFA6-10904BF49E49}.Release|Any CPU.Build.0 = Release|iPhoneSimulator
		{62D647EF-186A-4957-BFA6-10904BF49E49}.Release|Any CPU.Deploy.0 = Release|iPhoneSimulator
		{62D647EF-186A-4957-BFA6-10904BF49E49}.Release|ARM.ActiveCfg = Release|iPhoneSimulator
		{62D647EF-186A-4957-BFA6-10904BF49E49}.Release|ARM.Build.0 = Release|iPhoneSimulator
		{62D647EF-186A-4957-BFA6-10904BF49E49}.Release|ARM.Deploy.0 = Release|iPhoneSimulator
		{62D647EF-186A-4957-BFA6-10904BF49E49}.Release|iPhone.ActiveCfg = Release|iPhone
		{62D647EF-186A-4957-BFA6-10904BF49E49}.Release|iPhone.Build.0 = Release|iPhone
		{62D647EF-186A-4957-BFA6-10904BF49E49}.Release|iPhone.Deploy.0 = Release|iPhone
		{62D647EF-186A-4957-BFA6-10904BF49E49}.Release|iPhoneSimulator.ActiveCfg = Release|iPhoneSimulator
		{62D647EF-186A-4957-BFA6-10904BF49E49}.Release|iPhoneSimulator.Build.0 = Release|iPhoneSimulator
		{62D647EF-186A-4957-BFA6-10904BF49E49}.Release|iPhoneSimulator.Deploy.0 = Release|iPhoneSimulator
		{62D647EF-186A-4957-BFA6-10904BF49E49}.Release|x64.ActiveCfg = Release|iPhoneSimulator
		{62D647EF-186A-4957-BFA6-10904BF49E49}.Release|x64.Build.0 = Release|iPhoneSimulator
		{62D647EF-186A-4957-BFA6-10904BF49E49}.Release|x64.Deploy.0 = Release|iPhoneSimulator
		{62D647EF-186A-4957-BFA6-10904BF49E49}.Release|x86.ActiveCfg = Release|iPhoneSimulator
		{62D647EF-186A-4957-BFA6-10904BF49E49}.Release|x86.Build.0 = Release|iPhoneSimulator
		{62D647EF-186A-4957-BFA6-10904BF49E49}.Release|x86.Deploy.0 = Release|iPhoneSimulator
		{C7E04D90-67FC-449C-810C-0CD67EDDAC31}.Debug|Any CPU.ActiveCfg = Debug|Any CPU
		{C7E04D90-67FC-449C-810C-0CD67EDDAC31}.Debug|Any CPU.Build.0 = Debug|Any CPU
		{C7E04D90-67FC-449C-810C-0CD67EDDAC31}.Debug|Any CPU.Deploy.0 = Debug|Any CPU
		{C7E04D90-67FC-449C-810C-0CD67EDDAC31}.Debug|ARM.ActiveCfg = Debug|Any CPU
		{C7E04D90-67FC-449C-810C-0CD67EDDAC31}.Debug|ARM.Build.0 = Debug|Any CPU
		{C7E04D90-67FC-449C-810C-0CD67EDDAC31}.Debug|ARM.Deploy.0 = Debug|Any CPU
		{C7E04D90-67FC-449C-810C-0CD67EDDAC31}.Debug|iPhone.ActiveCfg = Debug|Any CPU
		{C7E04D90-67FC-449C-810C-0CD67EDDAC31}.Debug|iPhone.Build.0 = Debug|Any CPU
		{C7E04D90-67FC-449C-810C-0CD67EDDAC31}.Debug|iPhone.Deploy.0 = Debug|Any CPU
		{C7E04D90-67FC-449C-810C-0CD67EDDAC31}.Debug|iPhoneSimulator.ActiveCfg = Debug|Any CPU
		{C7E04D90-67FC-449C-810C-0CD67EDDAC31}.Debug|iPhoneSimulator.Build.0 = Debug|Any CPU
		{C7E04D90-67FC-449C-810C-0CD67EDDAC31}.Debug|iPhoneSimulator.Deploy.0 = Debug|Any CPU
		{C7E04D90-67FC-449C-810C-0CD67EDDAC31}.Debug|x64.ActiveCfg = Debug|Any CPU
		{C7E04D90-67FC-449C-810C-0CD67EDDAC31}.Debug|x64.Build.0 = Debug|Any CPU
		{C7E04D90-67FC-449C-810C-0CD67EDDAC31}.Debug|x64.Deploy.0 = Debug|Any CPU
		{C7E04D90-67FC-449C-810C-0CD67EDDAC31}.Debug|x86.ActiveCfg = Debug|Any CPU
		{C7E04D90-67FC-449C-810C-0CD67EDDAC31}.Debug|x86.Build.0 = Debug|Any CPU
		{C7E04D90-67FC-449C-810C-0CD67EDDAC31}.Debug|x86.Deploy.0 = Debug|Any CPU
		{C7E04D90-67FC-449C-810C-0CD67EDDAC31}.Release|Any CPU.ActiveCfg = Release|Any CPU
		{C7E04D90-67FC-449C-810C-0CD67EDDAC31}.Release|Any CPU.Build.0 = Release|Any CPU
		{C7E04D90-67FC-449C-810C-0CD67EDDAC31}.Release|Any CPU.Deploy.0 = Release|Any CPU
		{C7E04D90-67FC-449C-810C-0CD67EDDAC31}.Release|ARM.ActiveCfg = Release|Any CPU
		{C7E04D90-67FC-449C-810C-0CD67EDDAC31}.Release|ARM.Build.0 = Release|Any CPU
		{C7E04D90-67FC-449C-810C-0CD67EDDAC31}.Release|ARM.Deploy.0 = Release|Any CPU
		{C7E04D90-67FC-449C-810C-0CD67EDDAC31}.Release|iPhone.ActiveCfg = Release|Any CPU
		{C7E04D90-67FC-449C-810C-0CD67EDDAC31}.Release|iPhone.Build.0 = Release|Any CPU
		{C7E04D90-67FC-449C-810C-0CD67EDDAC31}.Release|iPhone.Deploy.0 = Release|Any CPU
		{C7E04D90-67FC-449C-810C-0CD67EDDAC31}.Release|iPhoneSimulator.ActiveCfg = Release|Any CPU
		{C7E04D90-67FC-449C-810C-0CD67EDDAC31}.Release|iPhoneSimulator.Build.0 = Release|Any CPU
		{C7E04D90-67FC-449C-810C-0CD67EDDAC31}.Release|iPhoneSimulator.Deploy.0 = Release|Any CPU
		{C7E04D90-67FC-449C-810C-0CD67EDDAC31}.Release|x64.ActiveCfg = Release|Any CPU
		{C7E04D90-67FC-449C-810C-0CD67EDDAC31}.Release|x64.Build.0 = Release|Any CPU
		{C7E04D90-67FC-449C-810C-0CD67EDDAC31}.Release|x64.Deploy.0 = Release|Any CPU
		{C7E04D90-67FC-449C-810C-0CD67EDDAC31}.Release|x86.ActiveCfg = Release|Any CPU
		{C7E04D90-67FC-449C-810C-0CD67EDDAC31}.Release|x86.Build.0 = Release|Any CPU
		{C7E04D90-67FC-449C-810C-0CD67EDDAC31}.Release|x86.Deploy.0 = Release|Any CPU
	EndGlobalSection
	GlobalSection(SolutionProperties) = preSolution
		HideSolutionNode = FALSE
	EndGlobalSection
	GlobalSection(ExtensibilityGlobals) = postSolution
		SolutionGuid = {37A93403-EFBB-45B0-91E8-1E285803EB59}
	EndGlobalSection
EndGlobal
